
Microsoft Visual Studio Solution File, Format Version 12.00
# Visual Studio Version 17
VisualStudioVersion = 17.6.33706.43
MinimumVisualStudioVersion = 10.0.40219.1
Project("{FAE04EC0-301F-11D3-BF4B-00C04F79EFBC}") = "AutoBuyer", "AutoBuyer\AutoBuyer.csproj", "{320D9CA8-4FF9-4FEE-9734-E435A61942BC}"
EndProject
Global
	GlobalSection(SolutionConfigurationPlatforms) = preSolution
		Debug|Any CPU = Debug|Any CPU
		Release|Any CPU = Release|Any CPU
	EndGlobalSection
	GlobalSection(ProjectConfigurationPlatforms) = postSolution
		{320D9CA8-4FF9-4FEE-9734-E435A61942BC}.Debug|Any CPU.ActiveCfg = Debug|Any CPU
		{320D9CA8-4FF9-4FEE-9734-E435A61942BC}.Debug|Any CPU.Build.0 = Debug|Any CPU
		{320D9CA8-4FF9-4FEE-9734-E435A61942BC}.Release|Any CPU.ActiveCfg = Release|Any CPU
		{320D9CA8-4FF9-4FEE-9734-E435A61942BC}.Release|Any CPU.Build.0 = Release|Any CPU
	EndGlobalSection
	GlobalSection(SolutionProperties) = preSolution
		HideSolutionNode = FALSE
	EndGlobalSection
	GlobalSection(ExtensibilityGlobals) = postSolution
		SolutionGuid = {FA35D933-9BF6-491D-9FA9-7B17957220F1}
	EndGlobalSection
EndGlobal
